
Microsoft Visual Studio Solution File, Format Version 12.00
# Visual Studio Version 16
VisualStudioVersion = 16.0.30002.166
MinimumVisualStudioVersion = 10.0.40219.1
Project("{FAE04EC0-301F-11D3-BF4B-00C04F79EFBC}") = "exercise25", "exercise25.csproj", "{E27835B5-EDF0-4F1F-8114-E76FF793DB63}"
EndProject
Global
	GlobalSection(SolutionConfigurationPlatforms) = preSolution
		Debug|Any CPU = Debug|Any CPU
		Release|Any CPU = Release|Any CPU
	EndGlobalSection
	GlobalSection(ProjectConfigurationPlatforms) = postSolution
		{E27835B5-EDF0-4F1F-8114-E76FF793DB63}.Debug|Any CPU.ActiveCfg = Debug|Any CPU
		{E27835B5-EDF0-4F1F-8114-E76FF793DB63}.Debug|Any CPU.Build.0 = Debug|Any CPU
		{E27835B5-EDF0-4F1F-8114-E76FF793DB63}.Release|Any CPU.ActiveCfg = Release|Any CPU
		{E27835B5-EDF0-4F1F-8114-E76FF793DB63}.Release|Any CPU.Build.0 = Release|Any CPU
	EndGlobalSection
	GlobalSection(SolutionProperties) = preSolution
		HideSolutionNode = FALSE
	EndGlobalSection
	GlobalSection(ExtensibilityGlobals) = postSolution
		SolutionGuid = {A72F6DEB-5F27-4C35-A30D-C1A038DCD87A}
	EndGlobalSection
EndGlobal
